// !$*UTF8*$!
{
	archiveVersion = 1;
	classes = {
	};
	objectVersion = 56;
	objects = {

/* Begin PBXBuildFile section */
		AB145EA32AAE388E00E0C82C /* RxBlocking in Frameworks */ = {isa = PBXBuildFile; productRef = AB145EA22AAE388E00E0C82C /* RxBlocking */; };
		AB145EA52AAE388E00E0C82C /* RxCocoa in Frameworks */ = {isa = PBXBuildFile; productRef = AB145EA42AAE388E00E0C82C /* RxCocoa */; };
		AB145EA72AAE388E00E0C82C /* RxRelay in Frameworks */ = {isa = PBXBuildFile; productRef = AB145EA62AAE388E00E0C82C /* RxRelay */; };
		AB145EA92AAE388E00E0C82C /* RxSwift in Frameworks */ = {isa = PBXBuildFile; productRef = AB145EA82AAE388E00E0C82C /* RxSwift */; };
		AB145EAE2AAE38A400E0C82C /* RxTest-Dynamic in Frameworks */ = {isa = PBXBuildFile; productRef = AB145EAD2AAE38A400E0C82C /* RxTest-Dynamic */; };
		AB145EB02AAE38A400E0C82C /* RxTest-Dynamic in Embed Frameworks */ = {isa = PBXBuildFile; productRef = AB145EAD2AAE38A400E0C82C /* RxTest-Dynamic */; settings = {ATTRIBUTES = (CodeSignOnCopy, ); }; };
		AB6C7E912AAE39C7000AD911 /* Test.swift in Sources */ = {isa = PBXBuildFile; fileRef = AB6C7E902AAE39C7000AD911 /* Test.swift */; };
		AB6C7E932AAE3EB5000AD911 /* Recipes.swift in Sources */ = {isa = PBXBuildFile; fileRef = AB6C7E922AAE3EB5000AD911 /* Recipes.swift */; };
		AB6C7E952AAE4D51000AD911 /* RecipeViewModel.swift in Sources */ = {isa = PBXBuildFile; fileRef = AB6C7E942AAE4D51000AD911 /* RecipeViewModel.swift */; };
		AB6C7E982AAE587C000AD911 /* SDWebImageSwiftUI in Frameworks */ = {isa = PBXBuildFile; productRef = AB6C7E972AAE587C000AD911 /* SDWebImageSwiftUI */; };
		AB80666C2AAE119B004C3843 /* DetailsVC.swift in Sources */ = {isa = PBXBuildFile; fileRef = AB80666B2AAE119B004C3843 /* DetailsVC.swift */; };
		AB8066702AAE1749004C3843 /* NutritionTVC.swift in Sources */ = {isa = PBXBuildFile; fileRef = AB80666E2AAE1749004C3843 /* NutritionTVC.swift */; };
		AB8066712AAE1749004C3843 /* NutritionTVC.xib in Resources */ = {isa = PBXBuildFile; fileRef = AB80666F2AAE1749004C3843 /* NutritionTVC.xib */; };
		ABB587F12AACDDFC00676EEF /* UIView + Extenstion.swift in Sources */ = {isa = PBXBuildFile; fileRef = ABB587F02AACDDFC00676EEF /* UIView + Extenstion.swift */; };
		ABB587F92AACECA700676EEF /* UIViewController + Extenstion.swift in Sources */ = {isa = PBXBuildFile; fileRef = ABB587F82AACECA700676EEF /* UIViewController + Extenstion.swift */; };
		ABB587FC2AACFF9E00676EEF /* FoodDetailsVC.swift in Sources */ = {isa = PBXBuildFile; fileRef = ABB587FA2AACFF9E00676EEF /* FoodDetailsVC.swift */; };
		ABB588002AAD082200676EEF /* UIImage + Extenstion.swift in Sources */ = {isa = PBXBuildFile; fileRef = ABB587FF2AAD082200676EEF /* UIImage + Extenstion.swift */; };
		ABDEA5C22AAC73DB000C957A /* AppDelegate.swift in Sources */ = {isa = PBXBuildFile; fileRef = ABDEA5C12AAC73DB000C957A /* AppDelegate.swift */; };
		ABDEA5C92AAC73DB000C957A /* Main.storyboard in Resources */ = {isa = PBXBuildFile; fileRef = ABDEA5C72AAC73DB000C957A /* Main.storyboard */; };
		ABDEA5CB2AAC73DC000C957A /* Assets.xcassets in Resources */ = {isa = PBXBuildFile; fileRef = ABDEA5CA2AAC73DC000C957A /* Assets.xcassets */; };
		ABDEA5CE2AAC73DC000C957A /* LaunchScreen.storyboard in Resources */ = {isa = PBXBuildFile; fileRef = ABDEA5CC2AAC73DC000C957A /* LaunchScreen.storyboard */; };
		ABDEA5D92AAC73DC000C957A /* Recipe_AppTests.swift in Sources */ = {isa = PBXBuildFile; fileRef = ABDEA5D82AAC73DC000C957A /* Recipe_AppTests.swift */; };
		ABDEA5E32AAC73DC000C957A /* Recipe_AppUITests.swift in Sources */ = {isa = PBXBuildFile; fileRef = ABDEA5E22AAC73DC000C957A /* Recipe_AppUITests.swift */; };
		ABDEA5E52AAC73DC000C957A /* Recipe_AppUITestsLaunchTests.swift in Sources */ = {isa = PBXBuildFile; fileRef = ABDEA5E42AAC73DC000C957A /* Recipe_AppUITestsLaunchTests.swift */; };
		ABDEA5F72AAC78DA000C957A /* APIManager.swift in Sources */ = {isa = PBXBuildFile; fileRef = ABDEA5F62AAC78DA000C957A /* APIManager.swift */; };
		ABDEA5FD2AAC8B8A000C957A /* OptionallyDecodable in Frameworks */ = {isa = PBXBuildFile; productRef = ABDEA5FC2AAC8B8A000C957A /* OptionallyDecodable */; };
		ABDEA6012AAC8BDD000C957A /* SplashVC.swift in Sources */ = {isa = PBXBuildFile; fileRef = ABDEA5FF2AAC8BDD000C957A /* SplashVC.swift */; };
		ABDEA6022AAC8BDD000C957A /* SplashVC.xib in Resources */ = {isa = PBXBuildFile; fileRef = ABDEA6002AAC8BDD000C957A /* SplashVC.xib */; };
		ABDEA6052AAC8CA8000C957A /* Constants.swift in Sources */ = {isa = PBXBuildFile; fileRef = ABDEA6042AAC8CA8000C957A /* Constants.swift */; };
		ABDEA6092AACA3B8000C957A /* SceneDelegate.swift in Sources */ = {isa = PBXBuildFile; fileRef = ABDEA6082AACA3B8000C957A /* SceneDelegate.swift */; };
		ABDEA60F2AACAF82000C957A /* UITabBarVC.swift in Sources */ = {isa = PBXBuildFile; fileRef = ABDEA60E2AACAF82000C957A /* UITabBarVC.swift */; };
		ABDEA6152AACB3B3000C957A /* HomeVC.swift in Sources */ = {isa = PBXBuildFile; fileRef = ABDEA6142AACB3B3000C957A /* HomeVC.swift */; };
		ABDEA6172AACB3CD000C957A /* FavouritesVC.swift in Sources */ = {isa = PBXBuildFile; fileRef = ABDEA6162AACB3CD000C957A /* FavouritesVC.swift */; };
		ABDEA6192AACB441000C957A /* BasicVC.swift in Sources */ = {isa = PBXBuildFile; fileRef = ABDEA6182AACB441000C957A /* BasicVC.swift */; };
		ABDEA61D2AACBE52000C957A /* FoodTVC.swift in Sources */ = {isa = PBXBuildFile; fileRef = ABDEA61B2AACBE52000C957A /* FoodTVC.swift */; };
		ABDEA61E2AACBE52000C957A /* FoodTVC.xib in Resources */ = {isa = PBXBuildFile; fileRef = ABDEA61C2AACBE52000C957A /* FoodTVC.xib */; };
		ABDEA6222AACCBC7000C957A /* RadioButton.swift in Sources */ = {isa = PBXBuildFile; fileRef = ABDEA6212AACCBC7000C957A /* RadioButton.swift */; };
		ABF80E6A2AADF0BD000ACB77 /* IngredientsTVC.swift in Sources */ = {isa = PBXBuildFile; fileRef = ABF80E682AADF0BD000ACB77 /* IngredientsTVC.swift */; };
		ABF80E6B2AADF0BD000ACB77 /* IngredientsTVC.xib in Resources */ = {isa = PBXBuildFile; fileRef = ABF80E692AADF0BD000ACB77 /* IngredientsTVC.xib */; };
		ABF80E6D2AADF208000ACB77 /* IngredientsVC.swift in Sources */ = {isa = PBXBuildFile; fileRef = ABF80E6C2AADF208000ACB77 /* IngredientsVC.swift */; };
		ABF80E712AADF3F7000ACB77 /* InstructionTVC.swift in Sources */ = {isa = PBXBuildFile; fileRef = ABF80E6F2AADF3F7000ACB77 /* InstructionTVC.swift */; };
		ABF80E722AADF3F7000ACB77 /* InstructionTVC.xib in Resources */ = {isa = PBXBuildFile; fileRef = ABF80E702AADF3F7000ACB77 /* InstructionTVC.xib */; };
/* End PBXBuildFile section */

/* Begin PBXContainerItemProxy section */
		ABDEA5D52AAC73DC000C957A /* PBXContainerItemProxy */ = {
			isa = PBXContainerItemProxy;
			containerPortal = ABDEA5B62AAC73DB000C957A /* Project object */;
			proxyType = 1;
			remoteGlobalIDString = ABDEA5BD2AAC73DB000C957A;
			remoteInfo = "Recipe-App";
		};
		ABDEA5DF2AAC73DC000C957A /* PBXContainerItemProxy */ = {
			isa = PBXContainerItemProxy;
			containerPortal = ABDEA5B62AAC73DB000C957A /* Project object */;
			proxyType = 1;
			remoteGlobalIDString = ABDEA5BD2AAC73DB000C957A;
			remoteInfo = "Recipe-App";
		};
/* End PBXContainerItemProxy section */

/* Begin PBXCopyFilesBuildPhase section */
		AB145EAF2AAE38A400E0C82C /* Embed Frameworks */ = {
			isa = PBXCopyFilesBuildPhase;
			buildActionMask = 2147483647;
			dstPath = "";
			dstSubfolderSpec = 10;
			files = (
				AB145EB02AAE38A400E0C82C /* RxTest-Dynamic in Embed Frameworks */,
			);
			name = "Embed Frameworks";
			runOnlyForDeploymentPostprocessing = 0;
		};
/* End PBXCopyFilesBuildPhase section */

/* Begin PBXFileReference section */
		AB6C7E902AAE39C7000AD911 /* Test.swift */ = {isa = PBXFileReference; lastKnownFileType = sourcecode.swift; path = Test.swift; sourceTree = "<group>"; };
		AB6C7E922AAE3EB5000AD911 /* Recipes.swift */ = {isa = PBXFileReference; lastKnownFileType = sourcecode.swift; path = Recipes.swift; sourceTree = "<group>"; };
		AB6C7E942AAE4D51000AD911 /* RecipeViewModel.swift */ = {isa = PBXFileReference; lastKnownFileType = sourcecode.swift; path = RecipeViewModel.swift; sourceTree = "<group>"; };
		AB8066692AADF97F004C3843 /* Poppins-Regular.ttf */ = {isa = PBXFileReference; lastKnownFileType = file; path = "Poppins-Regular.ttf"; sourceTree = "<group>"; };
		AB80666A2AAE0791004C3843 /* Inter-VariableFont_slnt,wght.ttf */ = {isa = PBXFileReference; lastKnownFileType = file; path = "Inter-VariableFont_slnt,wght.ttf"; sourceTree = "<group>"; };
		AB80666B2AAE119B004C3843 /* DetailsVC.swift */ = {isa = PBXFileReference; lastKnownFileType = sourcecode.swift; path = DetailsVC.swift; sourceTree = "<group>"; };
		AB80666E2AAE1749004C3843 /* NutritionTVC.swift */ = {isa = PBXFileReference; lastKnownFileType = sourcecode.swift; path = NutritionTVC.swift; sourceTree = "<group>"; };
		AB80666F2AAE1749004C3843 /* NutritionTVC.xib */ = {isa = PBXFileReference; lastKnownFileType = file.xib; path = NutritionTVC.xib; sourceTree = "<group>"; };
		ABAABAF82AAD2B8B009E5301 /* Poppins-SemiBoldItalic.ttf */ = {isa = PBXFileReference; lastKnownFileType = file; path = "Poppins-SemiBoldItalic.ttf"; sourceTree = "<group>"; };
		ABAABAF92AAD2BDB009E5301 /* Poppins-SemiBold.ttf */ = {isa = PBXFileReference; lastKnownFileType = file; path = "Poppins-SemiBold.ttf"; sourceTree = "<group>"; };
		ABB587F02AACDDFC00676EEF /* UIView + Extenstion.swift */ = {isa = PBXFileReference; lastKnownFileType = sourcecode.swift; path = "UIView + Extenstion.swift"; sourceTree = "<group>"; };
		ABB587F82AACECA700676EEF /* UIViewController + Extenstion.swift */ = {isa = PBXFileReference; lastKnownFileType = sourcecode.swift; path = "UIViewController + Extenstion.swift"; sourceTree = "<group>"; };
		ABB587FA2AACFF9E00676EEF /* FoodDetailsVC.swift */ = {isa = PBXFileReference; lastKnownFileType = sourcecode.swift; path = FoodDetailsVC.swift; sourceTree = "<group>"; };
		ABB587FF2AAD082200676EEF /* UIImage + Extenstion.swift */ = {isa = PBXFileReference; lastKnownFileType = sourcecode.swift; path = "UIImage + Extenstion.swift"; sourceTree = "<group>"; };
		ABDEA5BE2AAC73DB000C957A /* Recipe-App.app */ = {isa = PBXFileReference; explicitFileType = wrapper.application; includeInIndex = 0; path = "Recipe-App.app"; sourceTree = BUILT_PRODUCTS_DIR; };
		ABDEA5C12AAC73DB000C957A /* AppDelegate.swift */ = {isa = PBXFileReference; lastKnownFileType = sourcecode.swift; path = AppDelegate.swift; sourceTree = "<group>"; };
		ABDEA5C82AAC73DB000C957A /* Base */ = {isa = PBXFileReference; lastKnownFileType = file.storyboard; name = Base; path = Base.lproj/Main.storyboard; sourceTree = "<group>"; };
		ABDEA5CA2AAC73DC000C957A /* Assets.xcassets */ = {isa = PBXFileReference; lastKnownFileType = folder.assetcatalog; path = Assets.xcassets; sourceTree = "<group>"; };
		ABDEA5CD2AAC73DC000C957A /* Base */ = {isa = PBXFileReference; lastKnownFileType = file.storyboard; name = Base; path = Base.lproj/LaunchScreen.storyboard; sourceTree = "<group>"; };
		ABDEA5CF2AAC73DC000C957A /* Info.plist */ = {isa = PBXFileReference; lastKnownFileType = text.plist.xml; path = Info.plist; sourceTree = "<group>"; };
		ABDEA5D42AAC73DC000C957A /* Recipe-AppTests.xctest */ = {isa = PBXFileReference; explicitFileType = wrapper.cfbundle; includeInIndex = 0; path = "Recipe-AppTests.xctest"; sourceTree = BUILT_PRODUCTS_DIR; };
		ABDEA5D82AAC73DC000C957A /* Recipe_AppTests.swift */ = {isa = PBXFileReference; lastKnownFileType = sourcecode.swift; path = Recipe_AppTests.swift; sourceTree = "<group>"; };
		ABDEA5DE2AAC73DC000C957A /* Recipe-AppUITests.xctest */ = {isa = PBXFileReference; explicitFileType = wrapper.cfbundle; includeInIndex = 0; path = "Recipe-AppUITests.xctest"; sourceTree = BUILT_PRODUCTS_DIR; };
		ABDEA5E22AAC73DC000C957A /* Recipe_AppUITests.swift */ = {isa = PBXFileReference; lastKnownFileType = sourcecode.swift; path = Recipe_AppUITests.swift; sourceTree = "<group>"; };
		ABDEA5E42AAC73DC000C957A /* Recipe_AppUITestsLaunchTests.swift */ = {isa = PBXFileReference; lastKnownFileType = sourcecode.swift; path = Recipe_AppUITestsLaunchTests.swift; sourceTree = "<group>"; };
		ABDEA5F62AAC78DA000C957A /* APIManager.swift */ = {isa = PBXFileReference; lastKnownFileType = sourcecode.swift; path = APIManager.swift; sourceTree = "<group>"; };
		ABDEA5FF2AAC8BDD000C957A /* SplashVC.swift */ = {isa = PBXFileReference; lastKnownFileType = sourcecode.swift; path = SplashVC.swift; sourceTree = "<group>"; };
		ABDEA6002AAC8BDD000C957A /* SplashVC.xib */ = {isa = PBXFileReference; lastKnownFileType = file.xib; path = SplashVC.xib; sourceTree = "<group>"; };
		ABDEA6042AAC8CA8000C957A /* Constants.swift */ = {isa = PBXFileReference; lastKnownFileType = sourcecode.swift; path = Constants.swift; sourceTree = "<group>"; };
		ABDEA6062AAC94AB000C957A /* Nunito-VariableFont_wght.ttf */ = {isa = PBXFileReference; lastKnownFileType = file; path = "Nunito-VariableFont_wght.ttf"; sourceTree = "<group>"; };
		ABDEA6072AAC968B000C957A /* Poppins-Light.ttf */ = {isa = PBXFileReference; lastKnownFileType = file; path = "Poppins-Light.ttf"; sourceTree = "<group>"; };
		ABDEA6082AACA3B8000C957A /* SceneDelegate.swift */ = {isa = PBXFileReference; fileEncoding = 4; lastKnownFileType = sourcecode.swift; path = SceneDelegate.swift; sourceTree = "<group>"; };
		ABDEA60E2AACAF82000C957A /* UITabBarVC.swift */ = {isa = PBXFileReference; lastKnownFileType = sourcecode.swift; path = UITabBarVC.swift; sourceTree = "<group>"; };
		ABDEA6142AACB3B3000C957A /* HomeVC.swift */ = {isa = PBXFileReference; lastKnownFileType = sourcecode.swift; path = HomeVC.swift; sourceTree = "<group>"; };
		ABDEA6162AACB3CD000C957A /* FavouritesVC.swift */ = {isa = PBXFileReference; lastKnownFileType = sourcecode.swift; path = FavouritesVC.swift; sourceTree = "<group>"; };
		ABDEA6182AACB441000C957A /* BasicVC.swift */ = {isa = PBXFileReference; lastKnownFileType = sourcecode.swift; path = BasicVC.swift; sourceTree = "<group>"; };
		ABDEA61B2AACBE52000C957A /* FoodTVC.swift */ = {isa = PBXFileReference; lastKnownFileType = sourcecode.swift; path = FoodTVC.swift; sourceTree = "<group>"; };
		ABDEA61C2AACBE52000C957A /* FoodTVC.xib */ = {isa = PBXFileReference; lastKnownFileType = file.xib; path = FoodTVC.xib; sourceTree = "<group>"; };
		ABDEA61F2AACC1AE000C957A /* Poppins-Medium.ttf */ = {isa = PBXFileReference; lastKnownFileType = file; path = "Poppins-Medium.ttf"; sourceTree = "<group>"; };
		ABDEA6212AACCBC7000C957A /* RadioButton.swift */ = {isa = PBXFileReference; lastKnownFileType = sourcecode.swift; path = RadioButton.swift; sourceTree = "<group>"; };
		ABF80E682AADF0BD000ACB77 /* IngredientsTVC.swift */ = {isa = PBXFileReference; lastKnownFileType = sourcecode.swift; path = IngredientsTVC.swift; sourceTree = "<group>"; };
		ABF80E692AADF0BD000ACB77 /* IngredientsTVC.xib */ = {isa = PBXFileReference; lastKnownFileType = file.xib; path = IngredientsTVC.xib; sourceTree = "<group>"; };
		ABF80E6C2AADF208000ACB77 /* IngredientsVC.swift */ = {isa = PBXFileReference; lastKnownFileType = sourcecode.swift; path = IngredientsVC.swift; sourceTree = "<group>"; };
		ABF80E6F2AADF3F7000ACB77 /* InstructionTVC.swift */ = {isa = PBXFileReference; lastKnownFileType = sourcecode.swift; path = InstructionTVC.swift; sourceTree = "<group>"; };
		ABF80E702AADF3F7000ACB77 /* InstructionTVC.xib */ = {isa = PBXFileReference; lastKnownFileType = file.xib; path = InstructionTVC.xib; sourceTree = "<group>"; };
/* End PBXFileReference section */

/* Begin PBXFrameworksBuildPhase section */
		ABDEA5BB2AAC73DB000C957A /* Frameworks */ = {
			isa = PBXFrameworksBuildPhase;
			buildActionMask = 2147483647;
			files = (
				AB6C7E982AAE587C000AD911 /* SDWebImageSwiftUI in Frameworks */,
				AB145EA52AAE388E00E0C82C /* RxCocoa in Frameworks */,
				ABDEA5FD2AAC8B8A000C957A /* OptionallyDecodable in Frameworks */,
				AB145EA92AAE388E00E0C82C /* RxSwift in Frameworks */,
				AB145EA72AAE388E00E0C82C /* RxRelay in Frameworks */,
				AB145EA32AAE388E00E0C82C /* RxBlocking in Frameworks */,
			);
			runOnlyForDeploymentPostprocessing = 0;
		};
		ABDEA5D12AAC73DC000C957A /* Frameworks */ = {
			isa = PBXFrameworksBuildPhase;
			buildActionMask = 2147483647;
			files = (
				AB145EAE2AAE38A400E0C82C /* RxTest-Dynamic in Frameworks */,
			);
			runOnlyForDeploymentPostprocessing = 0;
		};
		ABDEA5DB2AAC73DC000C957A /* Frameworks */ = {
			isa = PBXFrameworksBuildPhase;
			buildActionMask = 2147483647;
			files = (
			);
			runOnlyForDeploymentPostprocessing = 0;
		};
/* End PBXFrameworksBuildPhase section */

/* Begin PBXGroup section */
		AB145EAC2AAE38A400E0C82C /* Frameworks */ = {
			isa = PBXGroup;
			children = (
			);
			name = Frameworks;
			sourceTree = "<group>";
		};
		AB80666D2AAE1730004C3843 /* NutritionCell */ = {
			isa = PBXGroup;
			children = (
				AB80666E2AAE1749004C3843 /* NutritionTVC.swift */,
				AB80666F2AAE1749004C3843 /* NutritionTVC.xib */,
			);
			path = NutritionCell;
			sourceTree = "<group>";
		};
		ABB587EF2AACDDE100676EEF /* Extenstions */ = {
			isa = PBXGroup;
			children = (
				ABB587F02AACDDFC00676EEF /* UIView + Extenstion.swift */,
				ABB587F82AACECA700676EEF /* UIViewController + Extenstion.swift */,
				ABB587FF2AAD082200676EEF /* UIImage + Extenstion.swift */,
			);
			path = Extenstions;
			sourceTree = "<group>";
		};
		ABDEA5B52AAC73DB000C957A = {
			isa = PBXGroup;
			children = (
				ABDEA5C02AAC73DB000C957A /* Recipe-App */,
				ABDEA5D72AAC73DC000C957A /* Recipe-AppTests */,
				ABDEA5E12AAC73DC000C957A /* Recipe-AppUITests */,
				ABDEA5BF2AAC73DB000C957A /* Products */,
				AB145EAC2AAE38A400E0C82C /* Frameworks */,
			);
			sourceTree = "<group>";
		};
		ABDEA5BF2AAC73DB000C957A /* Products */ = {
			isa = PBXGroup;
			children = (
				ABDEA5BE2AAC73DB000C957A /* Recipe-App.app */,
				ABDEA5D42AAC73DC000C957A /* Recipe-AppTests.xctest */,
				ABDEA5DE2AAC73DC000C957A /* Recipe-AppUITests.xctest */,
			);
			name = Products;
			sourceTree = "<group>";
		};
		ABDEA5C02AAC73DB000C957A /* Recipe-App */ = {
			isa = PBXGroup;
			children = (
				ABDEA5C12AAC73DB000C957A /* AppDelegate.swift */,
				ABDEA6082AACA3B8000C957A /* SceneDelegate.swift */,
				ABDEA5F22AAC7412000C957A /* Model */,
				ABDEA5F32AAC7419000C957A /* ViewModel */,
				ABDEA5F12AAC740C000C957A /* View */,
				ABB587EF2AACDDE100676EEF /* Extenstions */,
				ABDEA5F52AAC78C2000C957A /* Networking */,
				ABDEA6032AAC8C8F000C957A /* Resources */,
				ABDEA5CA2AAC73DC000C957A /* Assets.xcassets */,
				ABDEA5CF2AAC73DC000C957A /* Info.plist */,
				AB6C7E902AAE39C7000AD911 /* Test.swift */,
			);
			path = "Recipe-App";
			sourceTree = "<group>";
		};
		ABDEA5D72AAC73DC000C957A /* Recipe-AppTests */ = {
			isa = PBXGroup;
			children = (
				ABDEA5D82AAC73DC000C957A /* Recipe_AppTests.swift */,
			);
			path = "Recipe-AppTests";
			sourceTree = "<group>";
		};
		ABDEA5E12AAC73DC000C957A /* Recipe-AppUITests */ = {
			isa = PBXGroup;
			children = (
				ABDEA5E22AAC73DC000C957A /* Recipe_AppUITests.swift */,
				ABDEA5E42AAC73DC000C957A /* Recipe_AppUITestsLaunchTests.swift */,
			);
			path = "Recipe-AppUITests";
			sourceTree = "<group>";
		};
		ABDEA5F12AAC740C000C957A /* View */ = {
			isa = PBXGroup;
			children = (
				ABDEA60E2AACAF82000C957A /* UITabBarVC.swift */,
				ABDEA6182AACB441000C957A /* BasicVC.swift */,
				ABDEA6142AACB3B3000C957A /* HomeVC.swift */,
				ABDEA6162AACB3CD000C957A /* FavouritesVC.swift */,
				ABB587FA2AACFF9E00676EEF /* FoodDetailsVC.swift */,
				ABF80E6C2AADF208000ACB77 /* IngredientsVC.swift */,
				AB80666B2AAE119B004C3843 /* DetailsVC.swift */,
				ABDEA5C72AAC73DB000C957A /* Main.storyboard */,
				ABDEA5CC2AAC73DC000C957A /* LaunchScreen.storyboard */,
				AB80666D2AAE1730004C3843 /* NutritionCell */,
				ABF80E6E2AADF3B9000ACB77 /* InstructionCell */,
				ABF80E672AADF09F000ACB77 /* IngredientsCell */,
				ABDEA61A2AACBE24000C957A /* FoodCell */,
				ABDEA5FE2AAC8BC5000C957A /* SplashScreen */,
				ABDEA6202AACCBB3000C957A /* Customs */,
			);
			path = View;
			sourceTree = "<group>";
		};
		ABDEA5F22AAC7412000C957A /* Model */ = {
			isa = PBXGroup;
			children = (
				ABDEA5F82AAC79F8000C957A /* Parser */,
			);
			path = Model;
			sourceTree = "<group>";
		};
		ABDEA5F32AAC7419000C957A /* ViewModel */ = {
			isa = PBXGroup;
			children = (
				AB6C7E942AAE4D51000AD911 /* RecipeViewModel.swift */,
			);
			path = ViewModel;
			sourceTree = "<group>";
		};
		ABDEA5F52AAC78C2000C957A /* Networking */ = {
			isa = PBXGroup;
			children = (
				ABDEA5F62AAC78DA000C957A /* APIManager.swift */,
			);
			path = Networking;
			sourceTree = "<group>";
		};
		ABDEA5F82AAC79F8000C957A /* Parser */ = {
			isa = PBXGroup;
			children = (
				AB6C7E922AAE3EB5000AD911 /* Recipes.swift */,
			);
			path = Parser;
			sourceTree = "<group>";
		};
		ABDEA5FE2AAC8BC5000C957A /* SplashScreen */ = {
			isa = PBXGroup;
			children = (
				ABDEA5FF2AAC8BDD000C957A /* SplashVC.swift */,
				ABDEA6002AAC8BDD000C957A /* SplashVC.xib */,
			);
			path = SplashScreen;
			sourceTree = "<group>";
		};
		ABDEA6032AAC8C8F000C957A /* Resources */ = {
			isa = PBXGroup;
			children = (
				ABDEA6042AAC8CA8000C957A /* Constants.swift */,
				AB80666A2AAE0791004C3843 /* Inter-VariableFont_slnt,wght.ttf */,
				AB8066692AADF97F004C3843 /* Poppins-Regular.ttf */,
				ABAABAF92AAD2BDB009E5301 /* Poppins-SemiBold.ttf */,
				ABAABAF82AAD2B8B009E5301 /* Poppins-SemiBoldItalic.ttf */,
				ABDEA61F2AACC1AE000C957A /* Poppins-Medium.ttf */,
				ABDEA6072AAC968B000C957A /* Poppins-Light.ttf */,
				ABDEA6062AAC94AB000C957A /* Nunito-VariableFont_wght.ttf */,
			);
			path = Resources;
			sourceTree = "<group>";
		};
		ABDEA61A2AACBE24000C957A /* FoodCell */ = {
			isa = PBXGroup;
			children = (
				ABDEA61B2AACBE52000C957A /* FoodTVC.swift */,
				ABDEA61C2AACBE52000C957A /* FoodTVC.xib */,
			);
			path = FoodCell;
			sourceTree = "<group>";
		};
		ABDEA6202AACCBB3000C957A /* Customs */ = {
			isa = PBXGroup;
			children = (
				ABDEA6212AACCBC7000C957A /* RadioButton.swift */,
			);
			path = Customs;
			sourceTree = "<group>";
		};
		ABF80E672AADF09F000ACB77 /* IngredientsCell */ = {
			isa = PBXGroup;
			children = (
				ABF80E682AADF0BD000ACB77 /* IngredientsTVC.swift */,
				ABF80E692AADF0BD000ACB77 /* IngredientsTVC.xib */,
			);
			path = IngredientsCell;
			sourceTree = "<group>";
		};
		ABF80E6E2AADF3B9000ACB77 /* InstructionCell */ = {
			isa = PBXGroup;
			children = (
				ABF80E6F2AADF3F7000ACB77 /* InstructionTVC.swift */,
				ABF80E702AADF3F7000ACB77 /* InstructionTVC.xib */,
			);
			path = InstructionCell;
			sourceTree = "<group>";
		};
/* End PBXGroup section */

/* Begin PBXNativeTarget section */
		ABDEA5BD2AAC73DB000C957A /* Recipe-App */ = {
			isa = PBXNativeTarget;
			buildConfigurationList = ABDEA5E82AAC73DC000C957A /* Build configuration list for PBXNativeTarget "Recipe-App" */;
			buildPhases = (
				ABDEA5BA2AAC73DB000C957A /* Sources */,
				ABDEA5BB2AAC73DB000C957A /* Frameworks */,
				ABDEA5BC2AAC73DB000C957A /* Resources */,
			);
			buildRules = (
			);
			dependencies = (
			);
			name = "Recipe-App";
			packageProductDependencies = (
				ABDEA5FC2AAC8B8A000C957A /* OptionallyDecodable */,
				AB145EA22AAE388E00E0C82C /* RxBlocking */,
				AB145EA42AAE388E00E0C82C /* RxCocoa */,
				AB145EA62AAE388E00E0C82C /* RxRelay */,
				AB145EA82AAE388E00E0C82C /* RxSwift */,
				AB6C7E972AAE587C000AD911 /* SDWebImageSwiftUI */,
			);
			productName = "Recipe-App";
			productReference = ABDEA5BE2AAC73DB000C957A /* Recipe-App.app */;
			productType = "com.apple.product-type.application";
		};
		ABDEA5D32AAC73DC000C957A /* Recipe-AppTests */ = {
			isa = PBXNativeTarget;
			buildConfigurationList = ABDEA5EB2AAC73DC000C957A /* Build configuration list for PBXNativeTarget "Recipe-AppTests" */;
			buildPhases = (
				ABDEA5D02AAC73DC000C957A /* Sources */,
				ABDEA5D12AAC73DC000C957A /* Frameworks */,
				ABDEA5D22AAC73DC000C957A /* Resources */,
				AB145EAF2AAE38A400E0C82C /* Embed Frameworks */,
			);
			buildRules = (
			);
			dependencies = (
				ABDEA5D62AAC73DC000C957A /* PBXTargetDependency */,
			);
			name = "Recipe-AppTests";
			packageProductDependencies = (
				AB145EAD2AAE38A400E0C82C /* RxTest-Dynamic */,
			);
			productName = "Recipe-AppTests";
			productReference = ABDEA5D42AAC73DC000C957A /* Recipe-AppTests.xctest */;
			productType = "com.apple.product-type.bundle.unit-test";
		};
		ABDEA5DD2AAC73DC000C957A /* Recipe-AppUITests */ = {
			isa = PBXNativeTarget;
			buildConfigurationList = ABDEA5EE2AAC73DC000C957A /* Build configuration list for PBXNativeTarget "Recipe-AppUITests" */;
			buildPhases = (
				ABDEA5DA2AAC73DC000C957A /* Sources */,
				ABDEA5DB2AAC73DC000C957A /* Frameworks */,
				ABDEA5DC2AAC73DC000C957A /* Resources */,
			);
			buildRules = (
			);
			dependencies = (
				ABDEA5E02AAC73DC000C957A /* PBXTargetDependency */,
			);
			name = "Recipe-AppUITests";
			productName = "Recipe-AppUITests";
			productReference = ABDEA5DE2AAC73DC000C957A /* Recipe-AppUITests.xctest */;
			productType = "com.apple.product-type.bundle.ui-testing";
		};
/* End PBXNativeTarget section */

/* Begin PBXProject section */
		ABDEA5B62AAC73DB000C957A /* Project object */ = {
			isa = PBXProject;
			attributes = {
				BuildIndependentTargetsInParallel = 1;
				LastSwiftUpdateCheck = 1430;
				LastUpgradeCheck = 1430;
				TargetAttributes = {
					ABDEA5BD2AAC73DB000C957A = {
						CreatedOnToolsVersion = 14.3.1;
					};
					ABDEA5D32AAC73DC000C957A = {
						CreatedOnToolsVersion = 14.3.1;
						TestTargetID = ABDEA5BD2AAC73DB000C957A;
					};
					ABDEA5DD2AAC73DC000C957A = {
						CreatedOnToolsVersion = 14.3.1;
						TestTargetID = ABDEA5BD2AAC73DB000C957A;
					};
				};
			};
			buildConfigurationList = ABDEA5B92AAC73DB000C957A /* Build configuration list for PBXProject "Recipe-App" */;
			compatibilityVersion = "Xcode 14.0";
			developmentRegion = en;
			hasScannedForEncodings = 0;
			knownRegions = (
				en,
				Base,
			);
			mainGroup = ABDEA5B52AAC73DB000C957A;
			packageReferences = (
				ABDEA5FB2AAC8B8A000C957A /* XCRemoteSwiftPackageReference "OptionallyDecodable" */,
				AB145EA12AAE388E00E0C82C /* XCRemoteSwiftPackageReference "RxSwift" */,
				AB6C7E962AAE587C000AD911 /* XCRemoteSwiftPackageReference "SDWebImageSwiftUI" */,
			);
			productRefGroup = ABDEA5BF2AAC73DB000C957A /* Products */;
			projectDirPath = "";
			projectRoot = "";
			targets = (
				ABDEA5BD2AAC73DB000C957A /* Recipe-App */,
				ABDEA5D32AAC73DC000C957A /* Recipe-AppTests */,
				ABDEA5DD2AAC73DC000C957A /* Recipe-AppUITests */,
			);
		};
/* End PBXProject section */

/* Begin PBXResourcesBuildPhase section */
		ABDEA5BC2AAC73DB000C957A /* Resources */ = {
			isa = PBXResourcesBuildPhase;
			buildActionMask = 2147483647;
			files = (
				ABDEA5CE2AAC73DC000C957A /* LaunchScreen.storyboard in Resources */,
				ABDEA6022AAC8BDD000C957A /* SplashVC.xib in Resources */,
				AB8066712AAE1749004C3843 /* NutritionTVC.xib in Resources */,
				ABDEA5CB2AAC73DC000C957A /* Assets.xcassets in Resources */,
				ABF80E722AADF3F7000ACB77 /* InstructionTVC.xib in Resources */,
				ABDEA5C92AAC73DB000C957A /* Main.storyboard in Resources */,
				ABF80E6B2AADF0BD000ACB77 /* IngredientsTVC.xib in Resources */,
				ABDEA61E2AACBE52000C957A /* FoodTVC.xib in Resources */,
			);
			runOnlyForDeploymentPostprocessing = 0;
		};
		ABDEA5D22AAC73DC000C957A /* Resources */ = {
			isa = PBXResourcesBuildPhase;
			buildActionMask = 2147483647;
			files = (
			);
			runOnlyForDeploymentPostprocessing = 0;
		};
		ABDEA5DC2AAC73DC000C957A /* Resources */ = {
			isa = PBXResourcesBuildPhase;
			buildActionMask = 2147483647;
			files = (
			);
			runOnlyForDeploymentPostprocessing = 0;
		};
/* End PBXResourcesBuildPhase section */

/* Begin PBXSourcesBuildPhase section */
		ABDEA5BA2AAC73DB000C957A /* Sources */ = {
			isa = PBXSourcesBuildPhase;
			buildActionMask = 2147483647;
			files = (
				ABDEA5F72AAC78DA000C957A /* APIManager.swift in Sources */,
				ABDEA6152AACB3B3000C957A /* HomeVC.swift in Sources */,
				ABB588002AAD082200676EEF /* UIImage + Extenstion.swift in Sources */,
				ABB587F12AACDDFC00676EEF /* UIView + Extenstion.swift in Sources */,
				ABF80E712AADF3F7000ACB77 /* InstructionTVC.swift in Sources */,
				AB6C7E912AAE39C7000AD911 /* Test.swift in Sources */,
				AB6C7E952AAE4D51000AD911 /* RecipeViewModel.swift in Sources */,
				ABDEA6092AACA3B8000C957A /* SceneDelegate.swift in Sources */,
				ABF80E6A2AADF0BD000ACB77 /* IngredientsTVC.swift in Sources */,
				ABDEA6222AACCBC7000C957A /* RadioButton.swift in Sources */,
				ABF80E6D2AADF208000ACB77 /* IngredientsVC.swift in Sources */,
				AB8066702AAE1749004C3843 /* NutritionTVC.swift in Sources */,
				AB80666C2AAE119B004C3843 /* DetailsVC.swift in Sources */,
				ABDEA6192AACB441000C957A /* BasicVC.swift in Sources */,
				ABB587FC2AACFF9E00676EEF /* FoodDetailsVC.swift in Sources */,
				ABDEA5C22AAC73DB000C957A /* AppDelegate.swift in Sources */,
				ABDEA6052AAC8CA8000C957A /* Constants.swift in Sources */,
				ABDEA60F2AACAF82000C957A /* UITabBarVC.swift in Sources */,
				ABDEA6012AAC8BDD000C957A /* SplashVC.swift in Sources */,
				AB6C7E932AAE3EB5000AD911 /* Recipes.swift in Sources */,
				ABDEA61D2AACBE52000C957A /* FoodTVC.swift in Sources */,
				ABDEA6172AACB3CD000C957A /* FavouritesVC.swift in Sources */,
				ABB587F92AACECA700676EEF /* UIViewController + Extenstion.swift in Sources */,
			);
			runOnlyForDeploymentPostprocessing = 0;
		};
		ABDEA5D02AAC73DC000C957A /* Sources */ = {
			isa = PBXSourcesBuildPhase;
			buildActionMask = 2147483647;
			files = (
				ABDEA5D92AAC73DC000C957A /* Recipe_AppTests.swift in Sources */,
			);
			runOnlyForDeploymentPostprocessing = 0;
		};
		ABDEA5DA2AAC73DC000C957A /* Sources */ = {
			isa = PBXSourcesBuildPhase;
			buildActionMask = 2147483647;
			files = (
				ABDEA5E52AAC73DC000C957A /* Recipe_AppUITestsLaunchTests.swift in Sources */,
				ABDEA5E32AAC73DC000C957A /* Recipe_AppUITests.swift in Sources */,
			);
			runOnlyForDeploymentPostprocessing = 0;
		};
/* End PBXSourcesBuildPhase section */

/* Begin PBXTargetDependency section */
		ABDEA5D62AAC73DC000C957A /* PBXTargetDependency */ = {
			isa = PBXTargetDependency;
			target = ABDEA5BD2AAC73DB000C957A /* Recipe-App */;
			targetProxy = ABDEA5D52AAC73DC000C957A /* PBXContainerItemProxy */;
		};
		ABDEA5E02AAC73DC000C957A /* PBXTargetDependency */ = {
			isa = PBXTargetDependency;
			target = ABDEA5BD2AAC73DB000C957A /* Recipe-App */;
			targetProxy = ABDEA5DF2AAC73DC000C957A /* PBXContainerItemProxy */;
		};
/* End PBXTargetDependency section */

/* Begin PBXVariantGroup section */
		ABDEA5C72AAC73DB000C957A /* Main.storyboard */ = {
			isa = PBXVariantGroup;
			children = (
				ABDEA5C82AAC73DB000C957A /* Base */,
			);
			name = Main.storyboard;
			sourceTree = "<group>";
		};
		ABDEA5CC2AAC73DC000C957A /* LaunchScreen.storyboard */ = {
			isa = PBXVariantGroup;
			children = (
				ABDEA5CD2AAC73DC000C957A /* Base */,
			);
			name = LaunchScreen.storyboard;
			sourceTree = "<group>";
		};
/* End PBXVariantGroup section */

/* Begin XCBuildConfiguration section */
		ABDEA5E62AAC73DC000C957A /* Debug */ = {
			isa = XCBuildConfiguration;
			buildSettings = {
				ALWAYS_SEARCH_USER_PATHS = NO;
				CLANG_ANALYZER_NONNULL = YES;
				CLANG_ANALYZER_NUMBER_OBJECT_CONVERSION = YES_AGGRESSIVE;
				CLANG_CXX_LANGUAGE_STANDARD = "gnu++20";
				CLANG_ENABLE_MODULES = YES;
				CLANG_ENABLE_OBJC_ARC = YES;
				CLANG_ENABLE_OBJC_WEAK = YES;
				CLANG_WARN_BLOCK_CAPTURE_AUTORELEASING = YES;
				CLANG_WARN_BOOL_CONVERSION = YES;
				CLANG_WARN_COMMA = YES;
				CLANG_WARN_CONSTANT_CONVERSION = YES;
				CLANG_WARN_DEPRECATED_OBJC_IMPLEMENTATIONS = YES;
				CLANG_WARN_DIRECT_OBJC_ISA_USAGE = YES_ERROR;
				CLANG_WARN_DOCUMENTATION_COMMENTS = YES;
				CLANG_WARN_EMPTY_BODY = YES;
				CLANG_WARN_ENUM_CONVERSION = YES;
				CLANG_WARN_INFINITE_RECURSION = YES;
				CLANG_WARN_INT_CONVERSION = YES;
				CLANG_WARN_NON_LITERAL_NULL_CONVERSION = YES;
				CLANG_WARN_OBJC_IMPLICIT_RETAIN_SELF = YES;
				CLANG_WARN_OBJC_LITERAL_CONVERSION = YES;
				CLANG_WARN_OBJC_ROOT_CLASS = YES_ERROR;
				CLANG_WARN_QUOTED_INCLUDE_IN_FRAMEWORK_HEADER = YES;
				CLANG_WARN_RANGE_LOOP_ANALYSIS = YES;
				CLANG_WARN_STRICT_PROTOTYPES = YES;
				CLANG_WARN_SUSPICIOUS_MOVE = YES;
				CLANG_WARN_UNGUARDED_AVAILABILITY = YES_AGGRESSIVE;
				CLANG_WARN_UNREACHABLE_CODE = YES;
				CLANG_WARN__DUPLICATE_METHOD_MATCH = YES;
				COPY_PHASE_STRIP = NO;
				DEBUG_INFORMATION_FORMAT = dwarf;
				ENABLE_STRICT_OBJC_MSGSEND = YES;
				ENABLE_TESTABILITY = YES;
				GCC_C_LANGUAGE_STANDARD = gnu11;
				GCC_DYNAMIC_NO_PIC = NO;
				GCC_NO_COMMON_BLOCKS = YES;
				GCC_OPTIMIZATION_LEVEL = 0;
				GCC_PREPROCESSOR_DEFINITIONS = (
					"DEBUG=1",
					"$(inherited)",
				);
				GCC_WARN_64_TO_32_BIT_CONVERSION = YES;
				GCC_WARN_ABOUT_RETURN_TYPE = YES_ERROR;
				GCC_WARN_UNDECLARED_SELECTOR = YES;
				GCC_WARN_UNINITIALIZED_AUTOS = YES_AGGRESSIVE;
				GCC_WARN_UNUSED_FUNCTION = YES;
				GCC_WARN_UNUSED_VARIABLE = YES;
				IPHONEOS_DEPLOYMENT_TARGET = 16.4;
				MTL_ENABLE_DEBUG_INFO = INCLUDE_SOURCE;
				MTL_FAST_MATH = YES;
				ONLY_ACTIVE_ARCH = YES;
				SDKROOT = iphoneos;
				SWIFT_ACTIVE_COMPILATION_CONDITIONS = DEBUG;
				SWIFT_OPTIMIZATION_LEVEL = "-Onone";
			};
			name = Debug;
		};
		ABDEA5E72AAC73DC000C957A /* Release */ = {
			isa = XCBuildConfiguration;
			buildSettings = {
				ALWAYS_SEARCH_USER_PATHS = NO;
				CLANG_ANALYZER_NONNULL = YES;
				CLANG_ANALYZER_NUMBER_OBJECT_CONVERSION = YES_AGGRESSIVE;
				CLANG_CXX_LANGUAGE_STANDARD = "gnu++20";
				CLANG_ENABLE_MODULES = YES;
				CLANG_ENABLE_OBJC_ARC = YES;
				CLANG_ENABLE_OBJC_WEAK = YES;
				CLANG_WARN_BLOCK_CAPTURE_AUTORELEASING = YES;
				CLANG_WARN_BOOL_CONVERSION = YES;
				CLANG_WARN_COMMA = YES;
				CLANG_WARN_CONSTANT_CONVERSION = YES;
				CLANG_WARN_DEPRECATED_OBJC_IMPLEMENTATIONS = YES;
				CLANG_WARN_DIRECT_OBJC_ISA_USAGE = YES_ERROR;
				CLANG_WARN_DOCUMENTATION_COMMENTS = YES;
				CLANG_WARN_EMPTY_BODY = YES;
				CLANG_WARN_ENUM_CONVERSION = YES;
				CLANG_WARN_INFINITE_RECURSION = YES;
				CLANG_WARN_INT_CONVERSION = YES;
				CLANG_WARN_NON_LITERAL_NULL_CONVERSION = YES;
				CLANG_WARN_OBJC_IMPLICIT_RETAIN_SELF = YES;
				CLANG_WARN_OBJC_LITERAL_CONVERSION = YES;
				CLANG_WARN_OBJC_ROOT_CLASS = YES_ERROR;
				CLANG_WARN_QUOTED_INCLUDE_IN_FRAMEWORK_HEADER = YES;
				CLANG_WARN_RANGE_LOOP_ANALYSIS = YES;
				CLANG_WARN_STRICT_PROTOTYPES = YES;
				CLANG_WARN_SUSPICIOUS_MOVE = YES;
				CLANG_WARN_UNGUARDED_AVAILABILITY = YES_AGGRESSIVE;
				CLANG_WARN_UNREACHABLE_CODE = YES;
				CLANG_WARN__DUPLICATE_METHOD_MATCH = YES;
				COPY_PHASE_STRIP = NO;
				DEBUG_INFORMATION_FORMAT = "dwarf-with-dsym";
				ENABLE_NS_ASSERTIONS = NO;
				ENABLE_STRICT_OBJC_MSGSEND = YES;
				GCC_C_LANGUAGE_STANDARD = gnu11;
				GCC_NO_COMMON_BLOCKS = YES;
				GCC_WARN_64_TO_32_BIT_CONVERSION = YES;
				GCC_WARN_ABOUT_RETURN_TYPE = YES_ERROR;
				GCC_WARN_UNDECLARED_SELECTOR = YES;
				GCC_WARN_UNINITIALIZED_AUTOS = YES_AGGRESSIVE;
				GCC_WARN_UNUSED_FUNCTION = YES;
				GCC_WARN_UNUSED_VARIABLE = YES;
				IPHONEOS_DEPLOYMENT_TARGET = 16.4;
				MTL_ENABLE_DEBUG_INFO = NO;
				MTL_FAST_MATH = YES;
				SDKROOT = iphoneos;
				SWIFT_COMPILATION_MODE = wholemodule;
				SWIFT_OPTIMIZATION_LEVEL = "-O";
				VALIDATE_PRODUCT = YES;
			};
			name = Release;
		};
		ABDEA5E92AAC73DC000C957A /* Debug */ = {
			isa = XCBuildConfiguration;
			buildSettings = {
				ASSETCATALOG_COMPILER_APPICON_NAME = AppIcon;
				ASSETCATALOG_COMPILER_GLOBAL_ACCENT_COLOR_NAME = AccentColor;
				CODE_SIGN_STYLE = Automatic;
				CURRENT_PROJECT_VERSION = 1;
				DEVELOPMENT_TEAM = 3Q8FDFK3WX;
				GENERATE_INFOPLIST_FILE = YES;
				INFOPLIST_FILE = "Recipe-App/Info.plist";
				INFOPLIST_KEY_UIApplicationSupportsIndirectInputEvents = YES;
				INFOPLIST_KEY_UILaunchStoryboardName = LaunchScreen;
				INFOPLIST_KEY_UIMainStoryboardFile = Main;
				INFOPLIST_KEY_UISupportedInterfaceOrientations_iPad = "UIInterfaceOrientationPortrait UIInterfaceOrientationPortraitUpsideDown UIInterfaceOrientationLandscapeLeft UIInterfaceOrientationLandscapeRight";
				INFOPLIST_KEY_UISupportedInterfaceOrientations_iPhone = "UIInterfaceOrientationPortrait UIInterfaceOrientationLandscapeLeft UIInterfaceOrientationLandscapeRight";
				LD_RUNPATH_SEARCH_PATHS = (
					"$(inherited)",
					"@executable_path/Frameworks",
				);
				MARKETING_VERSION = 1.0;
				PRODUCT_BUNDLE_IDENTIFIER = "com.salah.12488.Recipe-App";
				PRODUCT_NAME = "$(TARGET_NAME)";
				SWIFT_EMIT_LOC_STRINGS = YES;
				SWIFT_VERSION = 5.0;
				TARGETED_DEVICE_FAMILY = "1,2";
			};
			name = Debug;
		};
		ABDEA5EA2AAC73DC000C957A /* Release */ = {
			isa = XCBuildConfiguration;
			buildSettings = {
				ASSETCATALOG_COMPILER_APPICON_NAME = AppIcon;
				ASSETCATALOG_COMPILER_GLOBAL_ACCENT_COLOR_NAME = AccentColor;
				CODE_SIGN_STYLE = Automatic;
				CURRENT_PROJECT_VERSION = 1;
				DEVELOPMENT_TEAM = 3Q8FDFK3WX;
				GENERATE_INFOPLIST_FILE = YES;
				INFOPLIST_FILE = "Recipe-App/Info.plist";
				INFOPLIST_KEY_UIApplicationSupportsIndirectInputEvents = YES;
				INFOPLIST_KEY_UILaunchStoryboardName = LaunchScreen;
				INFOPLIST_KEY_UIMainStoryboardFile = Main;
				INFOPLIST_KEY_UISupportedInterfaceOrientations_iPad = "UIInterfaceOrientationPortrait UIInterfaceOrientationPortraitUpsideDown UIInterfaceOrientationLandscapeLeft UIInterfaceOrientationLandscapeRight";
				INFOPLIST_KEY_UISupportedInterfaceOrientations_iPhone = "UIInterfaceOrientationPortrait UIInterfaceOrientationLandscapeLeft UIInterfaceOrientationLandscapeRight";
				LD_RUNPATH_SEARCH_PATHS = (
					"$(inherited)",
					"@executable_path/Frameworks",
				);
				MARKETING_VERSION = 1.0;
				PRODUCT_BUNDLE_IDENTIFIER = "com.salah.12488.Recipe-App";
				PRODUCT_NAME = "$(TARGET_NAME)";
				SWIFT_EMIT_LOC_STRINGS = YES;
				SWIFT_VERSION = 5.0;
				TARGETED_DEVICE_FAMILY = "1,2";
			};
			name = Release;
		};
		ABDEA5EC2AAC73DC000C957A /* Debug */ = {
			isa = XCBuildConfiguration;
			buildSettings = {
				ALWAYS_EMBED_SWIFT_STANDARD_LIBRARIES = YES;
				BUNDLE_LOADER = "$(TEST_HOST)";
				CODE_SIGN_STYLE = Automatic;
				CURRENT_PROJECT_VERSION = 1;
				DEVELOPMENT_TEAM = 3Q8FDFK3WX;
				GENERATE_INFOPLIST_FILE = YES;
				IPHONEOS_DEPLOYMENT_TARGET = 16.4;
				MARKETING_VERSION = 1.0;
				PRODUCT_BUNDLE_IDENTIFIER = "com.salah.12488.Recipe-AppTests";
				PRODUCT_NAME = "$(TARGET_NAME)";
				SWIFT_EMIT_LOC_STRINGS = NO;
				SWIFT_VERSION = 5.0;
				TARGETED_DEVICE_FAMILY = "1,2";
				TEST_HOST = "$(BUILT_PRODUCTS_DIR)/Recipe-App.app/$(BUNDLE_EXECUTABLE_FOLDER_PATH)/Recipe-App";
			};
			name = Debug;
		};
		ABDEA5ED2AAC73DC000C957A /* Release */ = {
			isa = XCBuildConfiguration;
			buildSettings = {
				ALWAYS_EMBED_SWIFT_STANDARD_LIBRARIES = YES;
				BUNDLE_LOADER = "$(TEST_HOST)";
				CODE_SIGN_STYLE = Automatic;
				CURRENT_PROJECT_VERSION = 1;
				DEVELOPMENT_TEAM = 3Q8FDFK3WX;
				GENERATE_INFOPLIST_FILE = YES;
				IPHONEOS_DEPLOYMENT_TARGET = 16.4;
				MARKETING_VERSION = 1.0;
				PRODUCT_BUNDLE_IDENTIFIER = "com.salah.12488.Recipe-AppTests";
				PRODUCT_NAME = "$(TARGET_NAME)";
				SWIFT_EMIT_LOC_STRINGS = NO;
				SWIFT_VERSION = 5.0;
				TARGETED_DEVICE_FAMILY = "1,2";
				TEST_HOST = "$(BUILT_PRODUCTS_DIR)/Recipe-App.app/$(BUNDLE_EXECUTABLE_FOLDER_PATH)/Recipe-App";
			};
			name = Release;
		};
		ABDEA5EF2AAC73DC000C957A /* Debug */ = {
			isa = XCBuildConfiguration;
			buildSettings = {
				ALWAYS_EMBED_SWIFT_STANDARD_LIBRARIES = YES;
				CODE_SIGN_STYLE = Automatic;
				CURRENT_PROJECT_VERSION = 1;
				DEVELOPMENT_TEAM = 3Q8FDFK3WX;
				GENERATE_INFOPLIST_FILE = YES;
				MARKETING_VERSION = 1.0;
				PRODUCT_BUNDLE_IDENTIFIER = "com.salah.12488.Recipe-AppUITests";
				PRODUCT_NAME = "$(TARGET_NAME)";
				SWIFT_EMIT_LOC_STRINGS = NO;
				SWIFT_VERSION = 5.0;
				TARGETED_DEVICE_FAMILY = "1,2";
				TEST_TARGET_NAME = "Recipe-App";
			};
			name = Debug;
		};
		ABDEA5F02AAC73DC000C957A /* Release */ = {
			isa = XCBuildConfiguration;
			buildSettings = {
				ALWAYS_EMBED_SWIFT_STANDARD_LIBRARIES = YES;
				CODE_SIGN_STYLE = Automatic;
				CURRENT_PROJECT_VERSION = 1;
				DEVELOPMENT_TEAM = 3Q8FDFK3WX;
				GENERATE_INFOPLIST_FILE = YES;
				MARKETING_VERSION = 1.0;
				PRODUCT_BUNDLE_IDENTIFIER = "com.salah.12488.Recipe-AppUITests";
				PRODUCT_NAME = "$(TARGET_NAME)";
				SWIFT_EMIT_LOC_STRINGS = NO;
				SWIFT_VERSION = 5.0;
				TARGETED_DEVICE_FAMILY = "1,2";
				TEST_TARGET_NAME = "Recipe-App";
			};
			name = Release;
		};
/* End XCBuildConfiguration section */

/* Begin XCConfigurationList section */
		ABDEA5B92AAC73DB000C957A /* Build configuration list for PBXProject "Recipe-App" */ = {
			isa = XCConfigurationList;
			buildConfigurations = (
				ABDEA5E62AAC73DC000C957A /* Debug */,
				ABDEA5E72AAC73DC000C957A /* Release */,
			);
			defaultConfigurationIsVisible = 0;
			defaultConfigurationName = Release;
		};
		ABDEA5E82AAC73DC000C957A /* Build configuration list for PBXNativeTarget "Recipe-App" */ = {
			isa = XCConfigurationList;
			buildConfigurations = (
				ABDEA5E92AAC73DC000C957A /* Debug */,
				ABDEA5EA2AAC73DC000C957A /* Release */,
			);
			defaultConfigurationIsVisible = 0;
			defaultConfigurationName = Release;
		};
		ABDEA5EB2AAC73DC000C957A /* Build configuration list for PBXNativeTarget "Recipe-AppTests" */ = {
			isa = XCConfigurationList;
			buildConfigurations = (
				ABDEA5EC2AAC73DC000C957A /* Debug */,
				ABDEA5ED2AAC73DC000C957A /* Release */,
			);
			defaultConfigurationIsVisible = 0;
			defaultConfigurationName = Release;
		};
		ABDEA5EE2AAC73DC000C957A /* Build configuration list for PBXNativeTarget "Recipe-AppUITests" */ = {
			isa = XCConfigurationList;
			buildConfigurations = (
				ABDEA5EF2AAC73DC000C957A /* Debug */,
				ABDEA5F02AAC73DC000C957A /* Release */,
			);
			defaultConfigurationIsVisible = 0;
			defaultConfigurationName = Release;
		};
/* End XCConfigurationList section */

/* Begin XCRemoteSwiftPackageReference section */
		AB145EA12AAE388E00E0C82C /* XCRemoteSwiftPackageReference "RxSwift" */ = {
			isa = XCRemoteSwiftPackageReference;
			repositoryURL = "https://github.com/ReactiveX/RxSwift";
			requirement = {
				kind = upToNextMajorVersion;
				minimumVersion = 6.0.0;
			};
		};
		AB6C7E962AAE587C000AD911 /* XCRemoteSwiftPackageReference "SDWebImageSwiftUI" */ = {
			isa = XCRemoteSwiftPackageReference;
			repositoryURL = "https://github.com/SDWebImage/SDWebImageSwiftUI";
			requirement = {
				kind = upToNextMajorVersion;
				minimumVersion = 2.0.0;
			};
		};
		ABDEA5FB2AAC8B8A000C957A /* XCRemoteSwiftPackageReference "OptionallyDecodable" */ = {
			isa = XCRemoteSwiftPackageReference;
			repositoryURL = "https://github.com/idrougge/OptionallyDecodable";
			requirement = {
				kind = upToNextMajorVersion;
				minimumVersion = 1.0.0;
			};
		};
/* End XCRemoteSwiftPackageReference section */

/* Begin XCSwiftPackageProductDependency section */
		AB145EA22AAE388E00E0C82C /* RxBlocking */ = {
			isa = XCSwiftPackageProductDependency;
			package = AB145EA12AAE388E00E0C82C /* XCRemoteSwiftPackageReference "RxSwift" */;
			productName = RxBlocking;
		};
		AB145EA42AAE388E00E0C82C /* RxCocoa */ = {
			isa = XCSwiftPackageProductDependency;
			package = AB145EA12AAE388E00E0C82C /* XCRemoteSwiftPackageReference "RxSwift" */;
			productName = RxCocoa;
		};
		AB145EA62AAE388E00E0C82C /* RxRelay */ = {
			isa = XCSwiftPackageProductDependency;
			package = AB145EA12AAE388E00E0C82C /* XCRemoteSwiftPackageReference "RxSwift" */;
			productName = RxRelay;
		};
		AB145EA82AAE388E00E0C82C /* RxSwift */ = {
			isa = XCSwiftPackageProductDependency;
			package = AB145EA12AAE388E00E0C82C /* XCRemoteSwiftPackageReference "RxSwift" */;
			productName = RxSwift;
		};
		AB145EAD2AAE38A400E0C82C /* RxTest-Dynamic */ = {
			isa = XCSwiftPackageProductDependency;
			package = AB145EA12AAE388E00E0C82C /* XCRemoteSwiftPackageReference "RxSwift" */;
			productName = "RxTest-Dynamic";
		};
		AB6C7E972AAE587C000AD911 /* SDWebImageSwiftUI */ = {
			isa = XCSwiftPackageProductDependency;
			package = AB6C7E962AAE587C000AD911 /* XCRemoteSwiftPackageReference "SDWebImageSwiftUI" */;
			productName = SDWebImageSwiftUI;
		};
		ABDEA5FC2AAC8B8A000C957A /* OptionallyDecodable */ = {
			isa = XCSwiftPackageProductDependency;
			package = ABDEA5FB2AAC8B8A000C957A /* XCRemoteSwiftPackageReference "OptionallyDecodable" */;
			productName = OptionallyDecodable;
		};
/* End XCSwiftPackageProductDependency section */
	};
	rootObject = ABDEA5B62AAC73DB000C957A /* Project object */;
}
